
Microsoft Visual Studio Solution File, Format Version 12.00
# Visual Studio Version 16
VisualStudioVersion = 16.0.30711.63
MinimumVisualStudioVersion = 10.0.40219.1
Project("{9A19103F-16F7-4668-BE54-9A1E7A4F7556}") = "Entities", "Entities\Entities.csproj", "{638B534F-6CDA-4683-A3AA-45FE1317CDAF}"
EndProject
Project("{9A19103F-16F7-4668-BE54-9A1E7A4F7556}") = "DataAccess", "DataAccess\DataAccess.csproj", "{F1C8DA2F-4887-4BBD-B0AE-5B025C6D8076}"
EndProject
Project("{9A19103F-16F7-4668-BE54-9A1E7A4F7556}") = "Business", "Business\Business.csproj", "{8EEC9444-096F-4E5D-BE53-C695E1CB9AD0}"
EndProject
Project("{9A19103F-16F7-4668-BE54-9A1E7A4F7556}") = "ConsoleIU", "ConsoleIU\ConsoleIU.csproj", "{DEB6BFF2-5730-461B-9B82-E938A56C3FC8}"
EndProject
Project("{FAE04EC0-301F-11D3-BF4B-00C04F79EFBC}") = "Core", "Core\Core.csproj", "{0EAE614C-4ABC-4471-A193-BFD7767740B6}"
EndProject
Global
	GlobalSection(SolutionConfigurationPlatforms) = preSolution
		Debug|Any CPU = Debug|Any CPU
		Release|Any CPU = Release|Any CPU
	EndGlobalSection
	GlobalSection(ProjectConfigurationPlatforms) = postSolution
		{638B534F-6CDA-4683-A3AA-45FE1317CDAF}.Debug|Any CPU.ActiveCfg = Debug|Any CPU
		{638B534F-6CDA-4683-A3AA-45FE1317CDAF}.Debug|Any CPU.Build.0 = Debug|Any CPU
		{638B534F-6CDA-4683-A3AA-45FE1317CDAF}.Release|Any CPU.ActiveCfg = Release|Any CPU
		{638B534F-6CDA-4683-A3AA-45FE1317CDAF}.Release|Any CPU.Build.0 = Release|Any CPU
		{F1C8DA2F-4887-4BBD-B0AE-5B025C6D8076}.Debug|Any CPU.ActiveCfg = Debug|Any CPU
		{F1C8DA2F-4887-4BBD-B0AE-5B025C6D8076}.Debug|Any CPU.Build.0 = Debug|Any CPU
		{F1C8DA2F-4887-4BBD-B0AE-5B025C6D8076}.Release|Any CPU.ActiveCfg = Release|Any CPU
		{F1C8DA2F-4887-4BBD-B0AE-5B025C6D8076}.Release|Any CPU.Build.0 = Release|Any CPU
		{8EEC9444-096F-4E5D-BE53-C695E1CB9AD0}.Debug|Any CPU.ActiveCfg = Debug|Any CPU
		{8EEC9444-096F-4E5D-BE53-C695E1CB9AD0}.Debug|Any CPU.Build.0 = Debug|Any CPU
		{8EEC9444-096F-4E5D-BE53-C695E1CB9AD0}.Release|Any CPU.ActiveCfg = Release|Any CPU
		{8EEC9444-096F-4E5D-BE53-C695E1CB9AD0}.Release|Any CPU.Build.0 = Release|Any CPU
		{DEB6BFF2-5730-461B-9B82-E938A56C3FC8}.Debug|Any CPU.ActiveCfg = Debug|Any CPU
		{DEB6BFF2-5730-461B-9B82-E938A56C3FC8}.Debug|Any CPU.Build.0 = Debug|Any CPU
		{DEB6BFF2-5730-461B-9B82-E938A56C3FC8}.Release|Any CPU.ActiveCfg = Release|Any CPU
		{DEB6BFF2-5730-461B-9B82-E938A56C3FC8}.Release|Any CPU.Build.0 = Release|Any CPU
		{0EAE614C-4ABC-4471-A193-BFD7767740B6}.Debug|Any CPU.ActiveCfg = Debug|Any CPU
		{0EAE614C-4ABC-4471-A193-BFD7767740B6}.Debug|Any CPU.Build.0 = Debug|Any CPU
		{0EAE614C-4ABC-4471-A193-BFD7767740B6}.Release|Any CPU.ActiveCfg = Release|Any CPU
		{0EAE614C-4ABC-4471-A193-BFD7767740B6}.Release|Any CPU.Build.0 = Release|Any CPU
	EndGlobalSection
	GlobalSection(SolutionProperties) = preSolution
		HideSolutionNode = FALSE
	EndGlobalSection
	GlobalSection(ExtensibilityGlobals) = postSolution
		SolutionGuid = {8F3CFE3B-329C-40BD-BA9D-061E0B585470}
	EndGlobalSection
EndGlobal
